
Microsoft Visual Studio Solution File, Format Version 12.00
# Visual Studio Version 16
VisualStudioVersion = 16.0.28803.352
MinimumVisualStudioVersion = 10.0.40219.1
Project("{FAE04EC0-301F-11D3-BF4B-00C04F79EFBC}") = "AccountCenter", "AccountCenter\AccountCenter.csproj", "{9E4D39AC-9DC3-4269-8F19-169E2839F226}"
EndProject
Global
	GlobalSection(SolutionConfigurationPlatforms) = preSolution
		Debug|Any CPU = Debug|Any CPU
		Release|Any CPU = Release|Any CPU
	EndGlobalSection
	GlobalSection(ProjectConfigurationPlatforms) = postSolution
		{9E4D39AC-9DC3-4269-8F19-169E2839F226}.Debug|Any CPU.ActiveCfg = Debug|Any CPU
		{9E4D39AC-9DC3-4269-8F19-169E2839F226}.Debug|Any CPU.Build.0 = Debug|Any CPU
		{9E4D39AC-9DC3-4269-8F19-169E2839F226}.Release|Any CPU.ActiveCfg = Release|Any CPU
		{9E4D39AC-9DC3-4269-8F19-169E2839F226}.Release|Any CPU.Build.0 = Release|Any CPU
	EndGlobalSection
	GlobalSection(SolutionProperties) = preSolution
		HideSolutionNode = FALSE
	EndGlobalSection
	GlobalSection(ExtensibilityGlobals) = postSolution
		SolutionGuid = {C922CC19-77EE-48D8-A133-315EFC3699B9}
	EndGlobalSection
EndGlobal
